// !$*UTF8*$!
{
	archiveVersion = 1;
	classes = {
	};
	objectVersion = 56;
	objects = {

/* Begin PBXBuildFile section */
		841B86222A81455F00CF9DA8 /* CoinModel.swift in Sources */ = {isa = PBXBuildFile; fileRef = 841B86212A81455F00CF9DA8 /* CoinModel.swift */; };
		846338A32A78FDE1001054B2 /* AppDelegate.swift in Sources */ = {isa = PBXBuildFile; fileRef = 846338A22A78FDE1001054B2 /* AppDelegate.swift */; };
		846338A52A78FDE1001054B2 /* SceneDelegate.swift in Sources */ = {isa = PBXBuildFile; fileRef = 846338A42A78FDE1001054B2 /* SceneDelegate.swift */; };
		846338A72A78FDE1001054B2 /* ViewController.swift in Sources */ = {isa = PBXBuildFile; fileRef = 846338A62A78FDE1001054B2 /* ViewController.swift */; };
		846338AA2A78FDE1001054B2 /* Main.storyboard in Resources */ = {isa = PBXBuildFile; fileRef = 846338A82A78FDE1001054B2 /* Main.storyboard */; };
		846338AD2A78FDE1001054B2 /* Coins.xcdatamodeld in Sources */ = {isa = PBXBuildFile; fileRef = 846338AB2A78FDE1001054B2 /* Coins.xcdatamodeld */; };
		846338AF2A78FDE2001054B2 /* Assets.xcassets in Resources */ = {isa = PBXBuildFile; fileRef = 846338AE2A78FDE2001054B2 /* Assets.xcassets */; };
		846338B22A78FDE2001054B2 /* LaunchScreen.storyboard in Resources */ = {isa = PBXBuildFile; fileRef = 846338B02A78FDE2001054B2 /* LaunchScreen.storyboard */; };
		846338BD2A78FEF4001054B2 /* CoinManager.swift in Sources */ = {isa = PBXBuildFile; fileRef = 846338BC2A78FEF4001054B2 /* CoinManager.swift */; };
		84A097CC2A7C3DFE0040D9A4 /* CoinData.swift in Sources */ = {isa = PBXBuildFile; fileRef = 84A097CB2A7C3DFE0040D9A4 /* CoinData.swift */; };
/* End PBXBuildFile section */

/* Begin PBXFileReference section */
		841B86212A81455F00CF9DA8 /* CoinModel.swift */ = {isa = PBXFileReference; lastKnownFileType = sourcecode.swift; path = CoinModel.swift; sourceTree = "<group>"; };
		8463389F2A78FDE1001054B2 /* Coins.app */ = {isa = PBXFileReference; explicitFileType = wrapper.application; includeInIndex = 0; path = Coins.app; sourceTree = BUILT_PRODUCTS_DIR; };
		846338A22A78FDE1001054B2 /* AppDelegate.swift */ = {isa = PBXFileReference; lastKnownFileType = sourcecode.swift; path = AppDelegate.swift; sourceTree = "<group>"; };
		846338A42A78FDE1001054B2 /* SceneDelegate.swift */ = {isa = PBXFileReference; lastKnownFileType = sourcecode.swift; path = SceneDelegate.swift; sourceTree = "<group>"; };
		846338A62A78FDE1001054B2 /* ViewController.swift */ = {isa = PBXFileReference; lastKnownFileType = sourcecode.swift; path = ViewController.swift; sourceTree = "<group>"; };
		846338A92A78FDE1001054B2 /* Base */ = {isa = PBXFileReference; lastKnownFileType = file.storyboard; name = Base; path = Base.lproj/Main.storyboard; sourceTree = "<group>"; };
		846338AC2A78FDE1001054B2 /* Coins.xcdatamodel */ = {isa = PBXFileReference; lastKnownFileType = wrapper.xcdatamodel; path = Coins.xcdatamodel; sourceTree = "<group>"; };
		846338AE2A78FDE2001054B2 /* Assets.xcassets */ = {isa = PBXFileReference; lastKnownFileType = folder.assetcatalog; path = Assets.xcassets; sourceTree = "<group>"; };
		846338B12A78FDE2001054B2 /* Base */ = {isa = PBXFileReference; lastKnownFileType = file.storyboard; name = Base; path = Base.lproj/LaunchScreen.storyboard; sourceTree = "<group>"; };
		846338B32A78FDE2001054B2 /* Info.plist */ = {isa = PBXFileReference; lastKnownFileType = text.plist.xml; path = Info.plist; sourceTree = "<group>"; };
		846338BC2A78FEF4001054B2 /* CoinManager.swift */ = {isa = PBXFileReference; lastKnownFileType = sourcecode.swift; path = CoinManager.swift; sourceTree = "<group>"; };
		84A097CB2A7C3DFE0040D9A4 /* CoinData.swift */ = {isa = PBXFileReference; lastKnownFileType = sourcecode.swift; path = CoinData.swift; sourceTree = "<group>"; };
/* End PBXFileReference section */

/* Begin PBXFrameworksBuildPhase section */
		8463389C2A78FDE1001054B2 /* Frameworks */ = {
			isa = PBXFrameworksBuildPhase;
			buildActionMask = 2147483647;
			files = (
			);
			runOnlyForDeploymentPostprocessing = 0;
		};
/* End PBXFrameworksBuildPhase section */

/* Begin PBXGroup section */
		846338962A78FDE0001054B2 = {
			isa = PBXGroup;
			children = (
				846338A12A78FDE1001054B2 /* Coins */,
				846338A02A78FDE1001054B2 /* Products */,
			);
			sourceTree = "<group>";
		};
		846338A02A78FDE1001054B2 /* Products */ = {
			isa = PBXGroup;
			children = (
				8463389F2A78FDE1001054B2 /* Coins.app */,
			);
			name = Products;
			sourceTree = "<group>";
		};
		846338A12A78FDE1001054B2 /* Coins */ = {
			isa = PBXGroup;
			children = (
				846338A22A78FDE1001054B2 /* AppDelegate.swift */,
				846338A42A78FDE1001054B2 /* SceneDelegate.swift */,
				846338B92A78FE9D001054B2 /* Model */,
				846338BA2A78FEA8001054B2 /* View */,
				846338BB2A78FEB2001054B2 /* Controller */,
				846338AE2A78FDE2001054B2 /* Assets.xcassets */,
				846338B02A78FDE2001054B2 /* LaunchScreen.storyboard */,
				846338B32A78FDE2001054B2 /* Info.plist */,
				846338AB2A78FDE1001054B2 /* Coins.xcdatamodeld */,
			);
			path = Coins;
			sourceTree = "<group>";
		};
		846338B92A78FE9D001054B2 /* Model */ = {
			isa = PBXGroup;
			children = (
				846338BC2A78FEF4001054B2 /* CoinManager.swift */,
				84A097CB2A7C3DFE0040D9A4 /* CoinData.swift */,
				841B86212A81455F00CF9DA8 /* CoinModel.swift */,
			);
			path = Model;
			sourceTree = "<group>";
		};
		846338BA2A78FEA8001054B2 /* View */ = {
			isa = PBXGroup;
			children = (
				846338A82A78FDE1001054B2 /* Main.storyboard */,
			);
			path = View;
			sourceTree = "<group>";
		};
		846338BB2A78FEB2001054B2 /* Controller */ = {
			isa = PBXGroup;
			children = (
				846338A62A78FDE1001054B2 /* ViewController.swift */,
			);
			path = Controller;
			sourceTree = "<group>";
		};
/* End PBXGroup section */

/* Begin PBXNativeTarget section */
		8463389E2A78FDE1001054B2 /* Coins */ = {
			isa = PBXNativeTarget;
			buildConfigurationList = 846338B62A78FDE2001054B2 /* Build configuration list for PBXNativeTarget "Coins" */;
			buildPhases = (
				8463389B2A78FDE1001054B2 /* Sources */,
				8463389C2A78FDE1001054B2 /* Frameworks */,
				8463389D2A78FDE1001054B2 /* Resources */,
			);
			buildRules = (
			);
			dependencies = (
			);
			name = Coins;
			productName = Coins;
			productReference = 8463389F2A78FDE1001054B2 /* Coins.app */;
			productType = "com.apple.product-type.application";
		};
/* End PBXNativeTarget section */

/* Begin PBXProject section */
		846338972A78FDE0001054B2 /* Project object */ = {
			isa = PBXProject;
			attributes = {
				BuildIndependentTargetsInParallel = 1;
				LastSwiftUpdateCheck = 1430;
				LastUpgradeCheck = 1430;
				TargetAttributes = {
					8463389E2A78FDE1001054B2 = {
						CreatedOnToolsVersion = 14.3.1;
					};
				};
			};
			buildConfigurationList = 8463389A2A78FDE0001054B2 /* Build configuration list for PBXProject "Coins" */;
			compatibilityVersion = "Xcode 14.0";
			developmentRegion = en;
			hasScannedForEncodings = 0;
			knownRegions = (
				en,
				Base,
			);
			mainGroup = 846338962A78FDE0001054B2;
			productRefGroup = 846338A02A78FDE1001054B2 /* Products */;
			projectDirPath = "";
			projectRoot = "";
			targets = (
				8463389E2A78FDE1001054B2 /* Coins */,
			);
		};
/* End PBXProject section */

/* Begin PBXResourcesBuildPhase section */
		8463389D2A78FDE1001054B2 /* Resources */ = {
			isa = PBXResourcesBuildPhase;
			buildActionMask = 2147483647;
			files = (
				846338B22A78FDE2001054B2 /* LaunchScreen.storyboard in Resources */,
				846338AF2A78FDE2001054B2 /* Assets.xcassets in Resources */,
				846338AA2A78FDE1001054B2 /* Main.storyboard in Resources */,
			);
			runOnlyForDeploymentPostprocessing = 0;
		};
/* End PBXResourcesBuildPhase section */

/* Begin PBXSourcesBuildPhase section */
		8463389B2A78FDE1001054B2 /* Sources */ = {
			isa = PBXSourcesBuildPhase;
			buildActionMask = 2147483647;
			files = (
				84A097CC2A7C3DFE0040D9A4 /* CoinData.swift in Sources */,
				846338A72A78FDE1001054B2 /* ViewController.swift in Sources */,
				846338A32A78FDE1001054B2 /* AppDelegate.swift in Sources */,
				846338AD2A78FDE1001054B2 /* Coins.xcdatamodeld in Sources */,
				846338A52A78FDE1001054B2 /* SceneDelegate.swift in Sources */,
				846338BD2A78FEF4001054B2 /* CoinManager.swift in Sources */,
				841B86222A81455F00CF9DA8 /* CoinModel.swift in Sources */,
			);
			runOnlyForDeploymentPostprocessing = 0;
		};
/* End PBXSourcesBuildPhase section */

/* Begin PBXVariantGroup section */
		846338A82A78FDE1001054B2 /* Main.storyboard */ = {
			isa = PBXVariantGroup;
			children = (
				846338A92A78FDE1001054B2 /* Base */,
			);
			name = Main.storyboard;
			sourceTree = "<group>";
		};
		846338B02A78FDE2001054B2 /* LaunchScreen.storyboard */ = {
			isa = PBXVariantGroup;
			children = (
				846338B12A78FDE2001054B2 /* Base */,
			);
			name = LaunchScreen.storyboard;
			sourceTree = "<group>";
		};
/* End PBXVariantGroup section */

/* Begin XCBuildConfiguration section */
		846338B42A78FDE2001054B2 /* Debug */ = {
			isa = XCBuildConfiguration;
			buildSettings = {
				ALWAYS_SEARCH_USER_PATHS = NO;
				CLANG_ANALYZER_NONNULL = YES;
				CLANG_ANALYZER_NUMBER_OBJECT_CONVERSION = YES_AGGRESSIVE;
				CLANG_CXX_LANGUAGE_STANDARD = "gnu++20";
				CLANG_ENABLE_MODULES = YES;
				CLANG_ENABLE_OBJC_ARC = YES;
				CLANG_ENABLE_OBJC_WEAK = YES;
				CLANG_WARN_BLOCK_CAPTURE_AUTORELEASING = YES;
				CLANG_WARN_BOOL_CONVERSION = YES;
				CLANG_WARN_COMMA = YES;
				CLANG_WARN_CONSTANT_CONVERSION = YES;
				CLANG_WARN_DEPRECATED_OBJC_IMPLEMENTATIONS = YES;
				CLANG_WARN_DIRECT_OBJC_ISA_USAGE = YES_ERROR;
				CLANG_WARN_DOCUMENTATION_COMMENTS = YES;
				CLANG_WARN_EMPTY_BODY = YES;
				CLANG_WARN_ENUM_CONVERSION = YES;
				CLANG_WARN_INFINITE_RECURSION = YES;
				CLANG_WARN_INT_CONVERSION = YES;
				CLANG_WARN_NON_LITERAL_NULL_CONVERSION = YES;
				CLANG_WARN_OBJC_IMPLICIT_RETAIN_SELF = YES;
				CLANG_WARN_OBJC_LITERAL_CONVERSION = YES;
				CLANG_WARN_OBJC_ROOT_CLASS = YES_ERROR;
				CLANG_WARN_QUOTED_INCLUDE_IN_FRAMEWORK_HEADER = YES;
				CLANG_WARN_RANGE_LOOP_ANALYSIS = YES;
				CLANG_WARN_STRICT_PROTOTYPES = YES;
				CLANG_WARN_SUSPICIOUS_MOVE = YES;
				CLANG_WARN_UNGUARDED_AVAILABILITY = YES_AGGRESSIVE;
				CLANG_WARN_UNREACHABLE_CODE = YES;
				CLANG_WARN__DUPLICATE_METHOD_MATCH = YES;
				COPY_PHASE_STRIP = NO;
				DEBUG_INFORMATION_FORMAT = dwarf;
				ENABLE_STRICT_OBJC_MSGSEND = YES;
				ENABLE_TESTABILITY = YES;
				GCC_C_LANGUAGE_STANDARD = gnu11;
				GCC_DYNAMIC_NO_PIC = NO;
				GCC_NO_COMMON_BLOCKS = YES;
				GCC_OPTIMIZATION_LEVEL = 0;
				GCC_PREPROCESSOR_DEFINITIONS = (
					"DEBUG=1",
					"$(inherited)",
				);
				GCC_WARN_64_TO_32_BIT_CONVERSION = YES;
				GCC_WARN_ABOUT_RETURN_TYPE = YES_ERROR;
				GCC_WARN_UNDECLARED_SELECTOR = YES;
				GCC_WARN_UNINITIALIZED_AUTOS = YES_AGGRESSIVE;
				GCC_WARN_UNUSED_FUNCTION = YES;
				GCC_WARN_UNUSED_VARIABLE = YES;
				IPHONEOS_DEPLOYMENT_TARGET = 16.4;
				MTL_ENABLE_DEBUG_INFO = INCLUDE_SOURCE;
				MTL_FAST_MATH = YES;
				ONLY_ACTIVE_ARCH = YES;
				SDKROOT = iphoneos;
				SWIFT_ACTIVE_COMPILATION_CONDITIONS = DEBUG;
				SWIFT_OPTIMIZATION_LEVEL = "-Onone";
			};
			name = Debug;
		};
		846338B52A78FDE2001054B2 /* Release */ = {
			isa = XCBuildConfiguration;
			buildSettings = {
				ALWAYS_SEARCH_USER_PATHS = NO;
				CLANG_ANALYZER_NONNULL = YES;
				CLANG_ANALYZER_NUMBER_OBJECT_CONVERSION = YES_AGGRESSIVE;
				CLANG_CXX_LANGUAGE_STANDARD = "gnu++20";
				CLANG_ENABLE_MODULES = YES;
				CLANG_ENABLE_OBJC_ARC = YES;
				CLANG_ENABLE_OBJC_WEAK = YES;
				CLANG_WARN_BLOCK_CAPTURE_AUTORELEASING = YES;
				CLANG_WARN_BOOL_CONVERSION = YES;
				CLANG_WARN_COMMA = YES;
				CLANG_WARN_CONSTANT_CONVERSION = YES;
				CLANG_WARN_DEPRECATED_OBJC_IMPLEMENTATIONS = YES;
				CLANG_WARN_DIRECT_OBJC_ISA_USAGE = YES_ERROR;
				CLANG_WARN_DOCUMENTATION_COMMENTS = YES;
				CLANG_WARN_EMPTY_BODY = YES;
				CLANG_WARN_ENUM_CONVERSION = YES;
				CLANG_WARN_INFINITE_RECURSION = YES;
				CLANG_WARN_INT_CONVERSION = YES;
				CLANG_WARN_NON_LITERAL_NULL_CONVERSION = YES;
				CLANG_WARN_OBJC_IMPLICIT_RETAIN_SELF = YES;
				CLANG_WARN_OBJC_LITERAL_CONVERSION = YES;
				CLANG_WARN_OBJC_ROOT_CLASS = YES_ERROR;
				CLANG_WARN_QUOTED_INCLUDE_IN_FRAMEWORK_HEADER = YES;
				CLANG_WARN_RANGE_LOOP_ANALYSIS = YES;
				CLANG_WARN_STRICT_PROTOTYPES = YES;
				CLANG_WARN_SUSPICIOUS_MOVE = YES;
				CLANG_WARN_UNGUARDED_AVAILABILITY = YES_AGGRESSIVE;
				CLANG_WARN_UNREACHABLE_CODE = YES;
				CLANG_WARN__DUPLICATE_METHOD_MATCH = YES;
				COPY_PHASE_STRIP = NO;
				DEBUG_INFORMATION_FORMAT = "dwarf-with-dsym";
				ENABLE_NS_ASSERTIONS = NO;
				ENABLE_STRICT_OBJC_MSGSEND = YES;
				GCC_C_LANGUAGE_STANDARD = gnu11;
				GCC_NO_COMMON_BLOCKS = YES;
				GCC_WARN_64_TO_32_BIT_CONVERSION = YES;
				GCC_WARN_ABOUT_RETURN_TYPE = YES_ERROR;
				GCC_WARN_UNDECLARED_SELECTOR = YES;
				GCC_WARN_UNINITIALIZED_AUTOS = YES_AGGRESSIVE;
				GCC_WARN_UNUSED_FUNCTION = YES;
				GCC_WARN_UNUSED_VARIABLE = YES;
				IPHONEOS_DEPLOYMENT_TARGET = 16.4;
				MTL_ENABLE_DEBUG_INFO = NO;
				MTL_FAST_MATH = YES;
				SDKROOT = iphoneos;
				SWIFT_COMPILATION_MODE = wholemodule;
				SWIFT_OPTIMIZATION_LEVEL = "-O";
				VALIDATE_PRODUCT = YES;
			};
			name = Release;
		};
		846338B72A78FDE2001054B2 /* Debug */ = {
			isa = XCBuildConfiguration;
			buildSettings = {
				ASSETCATALOG_COMPILER_APPICON_NAME = AppIcon;
				ASSETCATALOG_COMPILER_GLOBAL_ACCENT_COLOR_NAME = AccentColor;
				CODE_SIGN_STYLE = Automatic;
				CURRENT_PROJECT_VERSION = 1;
				GENERATE_INFOPLIST_FILE = YES;
				INFOPLIST_FILE = Coins/Info.plist;
				INFOPLIST_KEY_LSApplicationCategoryType = "public.app-category.finance";
				INFOPLIST_KEY_UIApplicationSupportsIndirectInputEvents = YES;
				INFOPLIST_KEY_UILaunchStoryboardName = LaunchScreen;
				INFOPLIST_KEY_UIMainStoryboardFile = Main;
				INFOPLIST_KEY_UISupportedInterfaceOrientations = "UIInterfaceOrientationLandscapeLeft UIInterfaceOrientationLandscapeRight UIInterfaceOrientationPortrait";
				INFOPLIST_KEY_UISupportedInterfaceOrientations_iPad = "UIInterfaceOrientationLandscapeLeft UIInterfaceOrientationLandscapeRight UIInterfaceOrientationPortrait UIInterfaceOrientationPortraitUpsideDown";
				IPHONEOS_DEPLOYMENT_TARGET = 13.0;
				LD_RUNPATH_SEARCH_PATHS = (
					"$(inherited)",
					"@executable_path/Frameworks",
				);
				MARKETING_VERSION = 1.0;
				PRODUCT_BUNDLE_IDENTIFIER = com.cangirhabil.Coins;
				PRODUCT_NAME = "$(TARGET_NAME)";
				SWIFT_EMIT_LOC_STRINGS = YES;
				SWIFT_VERSION = 5.0;
				TARGETED_DEVICE_FAMILY = "1,2";
			};
			name = Debug;
		};
		846338B82A78FDE2001054B2 /* Release */ = {
			isa = XCBuildConfiguration;
			buildSettings = {
				ASSETCATALOG_COMPILER_APPICON_NAME = AppIcon;
				ASSETCATALOG_COMPILER_GLOBAL_ACCENT_COLOR_NAME = AccentColor;
				CODE_SIGN_STYLE = Automatic;
				CURRENT_PROJECT_VERSION = 1;
				GENERATE_INFOPLIST_FILE = YES;
				INFOPLIST_FILE = Coins/Info.plist;
				INFOPLIST_KEY_LSApplicationCategoryType = "public.app-category.finance";
				INFOPLIST_KEY_UIApplicationSupportsIndirectInputEvents = YES;
				INFOPLIST_KEY_UILaunchStoryboardName = LaunchScreen;
				INFOPLIST_KEY_UIMainStoryboardFile = Main;
				INFOPLIST_KEY_UISupportedInterfaceOrientations = "UIInterfaceOrientationLandscapeLeft UIInterfaceOrientationLandscapeRight UIInterfaceOrientationPortrait";
				INFOPLIST_KEY_UISupportedInterfaceOrientations_iPad = "UIInterfaceOrientationLandscapeLeft UIInterfaceOrientationLandscapeRight UIInterfaceOrientationPortrait UIInterfaceOrientationPortraitUpsideDown";
				IPHONEOS_DEPLOYMENT_TARGET = 13.0;
				LD_RUNPATH_SEARCH_PATHS = (
					"$(inherited)",
					"@executable_path/Frameworks",
				);
				MARKETING_VERSION = 1.0;
				PRODUCT_BUNDLE_IDENTIFIER = com.cangirhabil.Coins;
				PRODUCT_NAME = "$(TARGET_NAME)";
				SWIFT_EMIT_LOC_STRINGS = YES;
				SWIFT_VERSION = 5.0;
				TARGETED_DEVICE_FAMILY = "1,2";
			};
			name = Release;
		};
/* End XCBuildConfiguration section */

/* Begin XCConfigurationList section */
		8463389A2A78FDE0001054B2 /* Build configuration list for PBXProject "Coins" */ = {
			isa = XCConfigurationList;
			buildConfigurations = (
				846338B42A78FDE2001054B2 /* Debug */,
				846338B52A78FDE2001054B2 /* Release */,
			);
			defaultConfigurationIsVisible = 0;
			defaultConfigurationName = Release;
		};
		846338B62A78FDE2001054B2 /* Build configuration list for PBXNativeTarget "Coins" */ = {
			isa = XCConfigurationList;
			buildConfigurations = (
				846338B72A78FDE2001054B2 /* Debug */,
				846338B82A78FDE2001054B2 /* Release */,
			);
			defaultConfigurationIsVisible = 0;
			defaultConfigurationName = Release;
		};
/* End XCConfigurationList section */

/* Begin XCVersionGroup section */
		846338AB2A78FDE1001054B2 /* Coins.xcdatamodeld */ = {
			isa = XCVersionGroup;
			children = (
				846338AC2A78FDE1001054B2 /* Coins.xcdatamodel */,
			);
			currentVersion = 846338AC2A78FDE1001054B2 /* Coins.xcdatamodel */;
			path = Coins.xcdatamodeld;
			sourceTree = "<group>";
			versionGroupType = wrapper.xcdatamodel;
		};
/* End XCVersionGroup section */
	};
	rootObject = 846338972A78FDE0001054B2 /* Project object */;
}
